
Microsoft Visual Studio Solution File, Format Version 12.00
# Visual Studio Version 16
VisualStudioVersion = 16.0.29613.14
MinimumVisualStudioVersion = 10.0.40219.1
Project("{9A19103F-16F7-4668-BE54-9A1E7A4F7556}") = "BankWebbApp", "BankWebbApp\BankWebbApp.csproj", "{EE3276EF-A6DD-4442-85CD-89C8E9972C94}"
EndProject
Project("{9A19103F-16F7-4668-BE54-9A1E7A4F7556}") = "BankAppData", "BankAppData\BankAppData.csproj", "{9353AB65-3C10-4C77-A58B-7B136429C909}"
EndProject
Project("{9A19103F-16F7-4668-BE54-9A1E7A4F7556}") = "BankApp.Tests", "BankApp.Tests\BankApp.Tests.csproj", "{259DD860-1A88-4762-8752-B38D9BC40D86}"
EndProject
Project("{9A19103F-16F7-4668-BE54-9A1E7A4F7556}") = "MobilApp", "MobilApp\MobilApp.csproj", "{B47A4FCB-B9A1-42B2-982E-BD32DB747166}"
EndProject
Project("{9A19103F-16F7-4668-BE54-9A1E7A4F7556}") = "MoneyLaundering", "MoneyLaundering\MoneyLaundering.csproj", "{5815AEE3-630B-4CB6-ADFB-AE66CA01AFCD}"
EndProject
Global
	GlobalSection(SolutionConfigurationPlatforms) = preSolution
		Debug|Any CPU = Debug|Any CPU
		Release|Any CPU = Release|Any CPU
	EndGlobalSection
	GlobalSection(ProjectConfigurationPlatforms) = postSolution
		{EE3276EF-A6DD-4442-85CD-89C8E9972C94}.Debug|Any CPU.ActiveCfg = Debug|Any CPU
		{EE3276EF-A6DD-4442-85CD-89C8E9972C94}.Debug|Any CPU.Build.0 = Debug|Any CPU
		{EE3276EF-A6DD-4442-85CD-89C8E9972C94}.Release|Any CPU.ActiveCfg = Release|Any CPU
		{EE3276EF-A6DD-4442-85CD-89C8E9972C94}.Release|Any CPU.Build.0 = Release|Any CPU
		{9353AB65-3C10-4C77-A58B-7B136429C909}.Debug|Any CPU.ActiveCfg = Debug|Any CPU
		{9353AB65-3C10-4C77-A58B-7B136429C909}.Debug|Any CPU.Build.0 = Debug|Any CPU
		{9353AB65-3C10-4C77-A58B-7B136429C909}.Release|Any CPU.ActiveCfg = Release|Any CPU
		{9353AB65-3C10-4C77-A58B-7B136429C909}.Release|Any CPU.Build.0 = Release|Any CPU
		{259DD860-1A88-4762-8752-B38D9BC40D86}.Debug|Any CPU.ActiveCfg = Debug|Any CPU
		{259DD860-1A88-4762-8752-B38D9BC40D86}.Debug|Any CPU.Build.0 = Debug|Any CPU
		{259DD860-1A88-4762-8752-B38D9BC40D86}.Release|Any CPU.ActiveCfg = Release|Any CPU
		{259DD860-1A88-4762-8752-B38D9BC40D86}.Release|Any CPU.Build.0 = Release|Any CPU
		{B47A4FCB-B9A1-42B2-982E-BD32DB747166}.Debug|Any CPU.ActiveCfg = Debug|Any CPU
		{B47A4FCB-B9A1-42B2-982E-BD32DB747166}.Debug|Any CPU.Build.0 = Debug|Any CPU
		{B47A4FCB-B9A1-42B2-982E-BD32DB747166}.Release|Any CPU.ActiveCfg = Release|Any CPU
		{B47A4FCB-B9A1-42B2-982E-BD32DB747166}.Release|Any CPU.Build.0 = Release|Any CPU
		{5815AEE3-630B-4CB6-ADFB-AE66CA01AFCD}.Debug|Any CPU.ActiveCfg = Debug|Any CPU
		{5815AEE3-630B-4CB6-ADFB-AE66CA01AFCD}.Debug|Any CPU.Build.0 = Debug|Any CPU
		{5815AEE3-630B-4CB6-ADFB-AE66CA01AFCD}.Release|Any CPU.ActiveCfg = Release|Any CPU
		{5815AEE3-630B-4CB6-ADFB-AE66CA01AFCD}.Release|Any CPU.Build.0 = Release|Any CPU
	EndGlobalSection
	GlobalSection(SolutionProperties) = preSolution
		HideSolutionNode = FALSE
	EndGlobalSection
	GlobalSection(ExtensibilityGlobals) = postSolution
		SolutionGuid = {45B1DC59-518A-4626-89A8-307064AA5DEB}
	EndGlobalSection
EndGlobal
